
Microsoft Visual Studio Solution File, Format Version 12.00
# Visual Studio Version 16
VisualStudioVersion = 16.0.32126.315
MinimumVisualStudioVersion = 10.0.40219.1
Project("{8BC9CEB8-8B4A-11D0-8D11-00A0C91BC942}") = "Afisare_Elemente_Mici", "Afisare_Elemente_Mici.vcxproj", "{B1E27E29-EBB1-47A5-8047-F80B0A1C5123}"
EndProject
Global
	GlobalSection(SolutionConfigurationPlatforms) = preSolution
		Debug|x64 = Debug|x64
		Debug|x86 = Debug|x86
		Release|x64 = Release|x64
		Release|x86 = Release|x86
	EndGlobalSection
	GlobalSection(ProjectConfigurationPlatforms) = postSolution
		{B1E27E29-EBB1-47A5-8047-F80B0A1C5123}.Debug|x64.ActiveCfg = Debug|x64
		{B1E27E29-EBB1-47A5-8047-F80B0A1C5123}.Debug|x64.Build.0 = Debug|x64
		{B1E27E29-EBB1-47A5-8047-F80B0A1C5123}.Debug|x86.ActiveCfg = Debug|Win32
		{B1E27E29-EBB1-47A5-8047-F80B0A1C5123}.Debug|x86.Build.0 = Debug|Win32
		{B1E27E29-EBB1-47A5-8047-F80B0A1C5123}.Release|x64.ActiveCfg = Release|x64
		{B1E27E29-EBB1-47A5-8047-F80B0A1C5123}.Release|x64.Build.0 = Release|x64
		{B1E27E29-EBB1-47A5-8047-F80B0A1C5123}.Release|x86.ActiveCfg = Release|Win32
		{B1E27E29-EBB1-47A5-8047-F80B0A1C5123}.Release|x86.Build.0 = Release|Win32
	EndGlobalSection
	GlobalSection(SolutionProperties) = preSolution
		HideSolutionNode = FALSE
	EndGlobalSection
	GlobalSection(ExtensibilityGlobals) = postSolution
		SolutionGuid = {5F3548CC-207E-4540-9C88-5692242D2C08}
	EndGlobalSection
EndGlobal
